
Microsoft Visual Studio Solution File, Format Version 12.00
# Visual Studio Version 17
VisualStudioVersion = 17.5.002.0
MinimumVisualStudioVersion = 10.0.40219.1
Project("{9A19103F-16F7-4668-BE54-9A1E7A4F7556}") = "Arrays", "Arrays.csproj", "{EC238781-B018-400F-9234-EA0317CC126F}"
EndProject
Global
	GlobalSection(SolutionConfigurationPlatforms) = preSolution
		Debug|Any CPU = Debug|Any CPU
		Release|Any CPU = Release|Any CPU
	EndGlobalSection
	GlobalSection(ProjectConfigurationPlatforms) = postSolution
		{EC238781-B018-400F-9234-EA0317CC126F}.Debug|Any CPU.ActiveCfg = Debug|Any CPU
		{EC238781-B018-400F-9234-EA0317CC126F}.Debug|Any CPU.Build.0 = Debug|Any CPU
		{EC238781-B018-400F-9234-EA0317CC126F}.Release|Any CPU.ActiveCfg = Release|Any CPU
		{EC238781-B018-400F-9234-EA0317CC126F}.Release|Any CPU.Build.0 = Release|Any CPU
	EndGlobalSection
	GlobalSection(SolutionProperties) = preSolution
		HideSolutionNode = FALSE
	EndGlobalSection
	GlobalSection(ExtensibilityGlobals) = postSolution
		SolutionGuid = {05C72E10-707E-4522-846F-699656809F3B}
	EndGlobalSection
EndGlobal
